
Microsoft Visual Studio Solution File, Format Version 12.00
# Visual Studio Version 17
VisualStudioVersion = 17.0.31903.59
MinimumVisualStudioVersion = 10.0.40219.1
Project("{FAE04EC0-301F-11D3-BF4B-00C04F79EFBC}") = "FtdHullGenerator", "FtdHullGenerator\FtdHullGenerator.csproj", "{E92C91B1-6D56-4C37-8A5B-2C82B1A584F4}"
EndProject
Project("{FAE04EC0-301F-11D3-BF4B-00C04F79EFBC}") = "FtdHullGenerator.SelfTest", "FtdHullGenerator.SelfTest\FtdHullGenerator.SelfTest.csproj", "{3AFB2932-B3EC-424D-AEF9-2B3BE96C7F8A}"
EndProject
Project("{2150E333-8FDC-42A3-9474-1A3956D46DE8}") = "FtdHullGenerator.SelfTest", "FtdHullGenerator.SelfTest", "{C13727B7-5EDE-45A1-8075-43D034F003A1}"
EndProject
Project("{2150E333-8FDC-42A3-9474-1A3956D46DE8}") = "Tools", "Tools", "{CDB7EE0C-3DBE-4FF3-88F0-895548A6902C}"
EndProject
Project("{FAE04EC0-301F-11D3-BF4B-00C04F79EFBC}") = "HistoricalAuthoring", "FtdHullGenerator.SelfTest\Tools\HistoricalAuthoring\HistoricalAuthoring.csproj", "{2E01D36E-898E-45F8-BA12-154F449CBB71}"
EndProject
Global
	GlobalSection(SolutionConfigurationPlatforms) = preSolution
		Debug|Any CPU = Debug|Any CPU
		Release|Any CPU = Release|Any CPU
	EndGlobalSection
	GlobalSection(ProjectConfigurationPlatforms) = postSolution
		{E92C91B1-6D56-4C37-8A5B-2C82B1A584F4}.Debug|Any CPU.ActiveCfg = Debug|Any CPU
		{E92C91B1-6D56-4C37-8A5B-2C82B1A584F4}.Debug|Any CPU.Build.0 = Debug|Any CPU
		{E92C91B1-6D56-4C37-8A5B-2C82B1A584F4}.Release|Any CPU.ActiveCfg = Release|Any CPU
		{E92C91B1-6D56-4C37-8A5B-2C82B1A584F4}.Release|Any CPU.Build.0 = Release|Any CPU
		{3AFB2932-B3EC-424D-AEF9-2B3BE96C7F8A}.Debug|Any CPU.ActiveCfg = Debug|Any CPU
		{3AFB2932-B3EC-424D-AEF9-2B3BE96C7F8A}.Debug|Any CPU.Build.0 = Debug|Any CPU
		{3AFB2932-B3EC-424D-AEF9-2B3BE96C7F8A}.Release|Any CPU.ActiveCfg = Release|Any CPU
		{3AFB2932-B3EC-424D-AEF9-2B3BE96C7F8A}.Release|Any CPU.Build.0 = Release|Any CPU
		{2E01D36E-898E-45F8-BA12-154F449CBB71}.Debug|Any CPU.ActiveCfg = Debug|Any CPU
		{2E01D36E-898E-45F8-BA12-154F449CBB71}.Debug|Any CPU.Build.0 = Debug|Any CPU
		{2E01D36E-898E-45F8-BA12-154F449CBB71}.Release|Any CPU.ActiveCfg = Release|Any CPU
		{2E01D36E-898E-45F8-BA12-154F449CBB71}.Release|Any CPU.Build.0 = Release|Any CPU
	EndGlobalSection
	GlobalSection(NestedProjects) = preSolution
		{3AFB2932-B3EC-424D-AEF9-2B3BE96C7F8A} = {C13727B7-5EDE-45A1-8075-43D034F003A1}
		{CDB7EE0C-3DBE-4FF3-88F0-895548A6902C} = {C13727B7-5EDE-45A1-8075-43D034F003A1}
		{2E01D36E-898E-45F8-BA12-154F449CBB71} = {CDB7EE0C-3DBE-4FF3-88F0-895548A6902C}
	EndGlobalSection
EndGlobal
